// !$*UTF8*$!
{
	archiveVersion = 1;
	classes = {
	};
	objectVersion = 46;
	objects = {

/* Begin PBXBuildFile section */
		7F3E2E259F584324B143E0BA /* libPods.a in Frameworks */ = {isa = PBXBuildFile; fileRef = EF82F75B04AD45609E8EED7B /* libPods.a */; };
		FEB7FA9719B51C080041A65B /* main.m in Sources */ = {isa = PBXBuildFile; fileRef = FEB7FA9619B51C080041A65B /* main.m */; };
		FEB7FA9A19B51C080041A65B /* AppDelegate.m in Sources */ = {isa = PBXBuildFile; fileRef = FEB7FA9919B51C080041A65B /* AppDelegate.m */; };
		FEB7FA9D19B51C080041A65B /* ViewController.m in Sources */ = {isa = PBXBuildFile; fileRef = FEB7FA9C19B51C080041A65B /* ViewController.m */; };
		FEB7FAA019B51C080041A65B /* Main.storyboard in Resources */ = {isa = PBXBuildFile; fileRef = FEB7FA9E19B51C080041A65B /* Main.storyboard */; };
		FEB7FAA219B51C080041A65B /* Images.xcassets in Resources */ = {isa = PBXBuildFile; fileRef = FEB7FAA119B51C080041A65B /* Images.xcassets */; };
		FEB7FAAE19B51C080041A65B /* PSRPochtaTests.m in Sources */ = {isa = PBXBuildFile; fileRef = FEB7FAAD19B51C080041A65B /* PSRPochtaTests.m */; };
		FEB7FAB919B51C1E0041A65B /* RPIAPIClient.m in Sources */ = {isa = PBXBuildFile; fileRef = FEB7FAB819B51C1E0041A65B /* RPIAPIClient.m */; };
		FEB7FABC19B523800041A65B /* map@2x.png in Resources */ = {isa = PBXBuildFile; fileRef = FEB7FABB19B523800041A65B /* map@2x.png */; };
		FEB7FABF19B523C40041A65B /* PSRAnnotation.m in Sources */ = {isa = PBXBuildFile; fileRef = FEB7FABE19B523C40041A65B /* PSRAnnotation.m */; };
		FEB7FAC219B523D60041A65B /* PSRAnnotationsParser.m in Sources */ = {isa = PBXBuildFile; fileRef = FEB7FAC119B523D60041A65B /* PSRAnnotationsParser.m */; };
/* End PBXBuildFile section */

/* Begin PBXContainerItemProxy section */
		FEB7FAA819B51C080041A65B /* PBXContainerItemProxy */ = {
			isa = PBXContainerItemProxy;
			containerPortal = FEB7FA8919B51C080041A65B /* Project object */;
			proxyType = 1;
			remoteGlobalIDString = FEB7FA9019B51C080041A65B;
			remoteInfo = PSRPochta;
		};
/* End PBXContainerItemProxy section */

/* Begin PBXFileReference section */
		807F18E18B014135A20716DE /* Pods.xcconfig */ = {isa = PBXFileReference; includeInIndex = 1; lastKnownFileType = text.xcconfig; name = Pods.xcconfig; path = Pods/Pods.xcconfig; sourceTree = "<group>"; };
		EF82F75B04AD45609E8EED7B /* libPods.a */ = {isa = PBXFileReference; explicitFileType = archive.ar; includeInIndex = 0; path = libPods.a; sourceTree = BUILT_PRODUCTS_DIR; };
		FEB7FA9119B51C080041A65B /* PSRPochta.app */ = {isa = PBXFileReference; explicitFileType = wrapper.application; includeInIndex = 0; path = PSRPochta.app; sourceTree = BUILT_PRODUCTS_DIR; };
		FEB7FA9519B51C080041A65B /* Info.plist */ = {isa = PBXFileReference; lastKnownFileType = text.plist.xml; path = Info.plist; sourceTree = "<group>"; };
		FEB7FA9619B51C080041A65B /* main.m */ = {isa = PBXFileReference; lastKnownFileType = sourcecode.c.objc; path = main.m; sourceTree = "<group>"; };
		FEB7FA9819B51C080041A65B /* AppDelegate.h */ = {isa = PBXFileReference; lastKnownFileType = sourcecode.c.h; path = AppDelegate.h; sourceTree = "<group>"; };
		FEB7FA9919B51C080041A65B /* AppDelegate.m */ = {isa = PBXFileReference; lastKnownFileType = sourcecode.c.objc; path = AppDelegate.m; sourceTree = "<group>"; };
		FEB7FA9B19B51C080041A65B /* ViewController.h */ = {isa = PBXFileReference; lastKnownFileType = sourcecode.c.h; path = ViewController.h; sourceTree = "<group>"; };
		FEB7FA9C19B51C080041A65B /* ViewController.m */ = {isa = PBXFileReference; lastKnownFileType = sourcecode.c.objc; path = ViewController.m; sourceTree = "<group>"; };
		FEB7FA9F19B51C080041A65B /* Base */ = {isa = PBXFileReference; lastKnownFileType = file.storyboard; name = Base; path = Base.lproj/Main.storyboard; sourceTree = "<group>"; };
		FEB7FAA119B51C080041A65B /* Images.xcassets */ = {isa = PBXFileReference; lastKnownFileType = folder.assetcatalog; path = Images.xcassets; sourceTree = "<group>"; };
		FEB7FAA719B51C080041A65B /* PSRPochtaTests.xctest */ = {isa = PBXFileReference; explicitFileType = wrapper.cfbundle; includeInIndex = 0; path = PSRPochtaTests.xctest; sourceTree = BUILT_PRODUCTS_DIR; };
		FEB7FAAC19B51C080041A65B /* Info.plist */ = {isa = PBXFileReference; lastKnownFileType = text.plist.xml; path = Info.plist; sourceTree = "<group>"; };
		FEB7FAAD19B51C080041A65B /* PSRPochtaTests.m */ = {isa = PBXFileReference; lastKnownFileType = sourcecode.c.objc; path = PSRPochtaTests.m; sourceTree = "<group>"; };
		FEB7FAB719B51C1E0041A65B /* RPIAPIClient.h */ = {isa = PBXFileReference; fileEncoding = 4; lastKnownFileType = sourcecode.c.h; name = RPIAPIClient.h; path = PSRPochta/RPIAPIClient.h; sourceTree = "<group>"; };
		FEB7FAB819B51C1E0041A65B /* RPIAPIClient.m */ = {isa = PBXFileReference; fileEncoding = 4; lastKnownFileType = sourcecode.c.objc; name = RPIAPIClient.m; path = PSRPochta/RPIAPIClient.m; sourceTree = "<group>"; };
		FEB7FABB19B523800041A65B /* map@2x.png */ = {isa = PBXFileReference; lastKnownFileType = image.png; path = "map@2x.png"; sourceTree = SOURCE_ROOT; };
		FEB7FABD19B523C40041A65B /* PSRAnnotation.h */ = {isa = PBXFileReference; fileEncoding = 4; lastKnownFileType = sourcecode.c.h; path = PSRAnnotation.h; sourceTree = "<group>"; };
		FEB7FABE19B523C40041A65B /* PSRAnnotation.m */ = {isa = PBXFileReference; fileEncoding = 4; lastKnownFileType = sourcecode.c.objc; path = PSRAnnotation.m; sourceTree = "<group>"; };
		FEB7FAC019B523D60041A65B /* PSRAnnotationsParser.h */ = {isa = PBXFileReference; fileEncoding = 4; lastKnownFileType = sourcecode.c.h; path = PSRAnnotationsParser.h; sourceTree = "<group>"; };
		FEB7FAC119B523D60041A65B /* PSRAnnotationsParser.m */ = {isa = PBXFileReference; fileEncoding = 4; lastKnownFileType = sourcecode.c.objc; path = PSRAnnotationsParser.m; sourceTree = "<group>"; };
/* End PBXFileReference section */

/* Begin PBXFrameworksBuildPhase section */
		FEB7FA8E19B51C080041A65B /* Frameworks */ = {
			isa = PBXFrameworksBuildPhase;
			buildActionMask = 2147483647;
			files = (
				7F3E2E259F584324B143E0BA /* libPods.a in Frameworks */,
			);
			runOnlyForDeploymentPostprocessing = 0;
		};
		FEB7FAA419B51C080041A65B /* Frameworks */ = {
			isa = PBXFrameworksBuildPhase;
			buildActionMask = 2147483647;
			files = (
			);
			runOnlyForDeploymentPostprocessing = 0;
		};
/* End PBXFrameworksBuildPhase section */

/* Begin PBXGroup section */
		97F915389DB541529F2A4D41 /* Frameworks */ = {
			isa = PBXGroup;
			children = (
				EF82F75B04AD45609E8EED7B /* libPods.a */,
			);
			name = Frameworks;
			sourceTree = "<group>";
		};
		FEB7FA8819B51C080041A65B = {
			isa = PBXGroup;
			children = (
				FEB7FABA19B51E040041A65B /* help */,
				FEB7FA9319B51C080041A65B /* PSRPochta */,
				FEB7FAAA19B51C080041A65B /* PSRPochtaTests */,
				FEB7FA9219B51C080041A65B /* Products */,
				807F18E18B014135A20716DE /* Pods.xcconfig */,
				97F915389DB541529F2A4D41 /* Frameworks */,
			);
			sourceTree = "<group>";
		};
		FEB7FA9219B51C080041A65B /* Products */ = {
			isa = PBXGroup;
			children = (
				FEB7FA9119B51C080041A65B /* PSRPochta.app */,
				FEB7FAA719B51C080041A65B /* PSRPochtaTests.xctest */,
			);
			name = Products;
			sourceTree = "<group>";
		};
		FEB7FA9319B51C080041A65B /* PSRPochta */ = {
			isa = PBXGroup;
			children = (
				FEB7FA9819B51C080041A65B /* AppDelegate.h */,
				FEB7FA9919B51C080041A65B /* AppDelegate.m */,
				FEB7FA9B19B51C080041A65B /* ViewController.h */,
				FEB7FA9C19B51C080041A65B /* ViewController.m */,
				FEB7FA9E19B51C080041A65B /* Main.storyboard */,
				FEB7FABD19B523C40041A65B /* PSRAnnotation.h */,
				FEB7FABE19B523C40041A65B /* PSRAnnotation.m */,
				FEB7FAC019B523D60041A65B /* PSRAnnotationsParser.h */,
				FEB7FAC119B523D60041A65B /* PSRAnnotationsParser.m */,
				FEB7FABB19B523800041A65B /* map@2x.png */,
				FEB7FAA119B51C080041A65B /* Images.xcassets */,
				FEB7FA9419B51C080041A65B /* Supporting Files */,
			);
			path = PSRPochta;
			sourceTree = "<group>";
		};
		FEB7FA9419B51C080041A65B /* Supporting Files */ = {
			isa = PBXGroup;
			children = (
				FEB7FA9519B51C080041A65B /* Info.plist */,
				FEB7FA9619B51C080041A65B /* main.m */,
			);
			name = "Supporting Files";
			sourceTree = "<group>";
		};
		FEB7FAAA19B51C080041A65B /* PSRPochtaTests */ = {
			isa = PBXGroup;
			children = (
				FEB7FAAD19B51C080041A65B /* PSRPochtaTests.m */,
				FEB7FAAB19B51C080041A65B /* Supporting Files */,
			);
			path = PSRPochtaTests;
			sourceTree = "<group>";
		};
		FEB7FAAB19B51C080041A65B /* Supporting Files */ = {
			isa = PBXGroup;
			children = (
				FEB7FAAC19B51C080041A65B /* Info.plist */,
			);
			name = "Supporting Files";
			sourceTree = "<group>";
		};
		FEB7FABA19B51E040041A65B /* help */ = {
			isa = PBXGroup;
			children = (
				FEB7FAB719B51C1E0041A65B /* RPIAPIClient.h */,
				FEB7FAB819B51C1E0041A65B /* RPIAPIClient.m */,
			);
			name = help;
			sourceTree = "<group>";
		};
/* End PBXGroup section */

/* Begin PBXNativeTarget section */
		FEB7FA9019B51C080041A65B /* PSRPochta */ = {
			isa = PBXNativeTarget;
			buildConfigurationList = FEB7FAB119B51C080041A65B /* Build configuration list for PBXNativeTarget "PSRPochta" */;
			buildPhases = (
				6CC6F70E04B04468A747B40F /* Check Pods Manifest.lock */,
				FEB7FA8D19B51C080041A65B /* Sources */,
				FEB7FA8E19B51C080041A65B /* Frameworks */,
				FEB7FA8F19B51C080041A65B /* Resources */,
				4F35AECB09F64CC899F6BAC6 /* Copy Pods Resources */,
			);
			buildRules = (
			);
			dependencies = (
			);
			name = PSRPochta;
			productName = PSRPochta;
			productReference = FEB7FA9119B51C080041A65B /* PSRPochta.app */;
			productType = "com.apple.product-type.application";
		};
		FEB7FAA619B51C080041A65B /* PSRPochtaTests */ = {
			isa = PBXNativeTarget;
			buildConfigurationList = FEB7FAB419B51C080041A65B /* Build configuration list for PBXNativeTarget "PSRPochtaTests" */;
			buildPhases = (
				FEB7FAA319B51C080041A65B /* Sources */,
				FEB7FAA419B51C080041A65B /* Frameworks */,
				FEB7FAA519B51C080041A65B /* Resources */,
			);
			buildRules = (
			);
			dependencies = (
				FEB7FAA919B51C080041A65B /* PBXTargetDependency */,
			);
			name = PSRPochtaTests;
			productName = PSRPochtaTests;
			productReference = FEB7FAA719B51C080041A65B /* PSRPochtaTests.xctest */;
			productType = "com.apple.product-type.bundle.unit-test";
		};
/* End PBXNativeTarget section */

/* Begin PBXProject section */
		FEB7FA8919B51C080041A65B /* Project object */ = {
			isa = PBXProject;
			attributes = {
				LastUpgradeCheck = 0600;
				ORGANIZATIONNAME = n.shubenkov;
				TargetAttributes = {
					FEB7FA9019B51C080041A65B = {
						CreatedOnToolsVersion = 6.0;
					};
					FEB7FAA619B51C080041A65B = {
						CreatedOnToolsVersion = 6.0;
						TestTargetID = FEB7FA9019B51C080041A65B;
					};
				};
			};
			buildConfigurationList = FEB7FA8C19B51C080041A65B /* Build configuration list for PBXProject "PSRPochta" */;
			compatibilityVersion = "Xcode 3.2";
			developmentRegion = English;
			hasScannedForEncodings = 0;
			knownRegions = (
				en,
				Base,
			);
			mainGroup = FEB7FA8819B51C080041A65B;
			productRefGroup = FEB7FA9219B51C080041A65B /* Products */;
			projectDirPath = "";
			projectRoot = "";
			targets = (
				FEB7FA9019B51C080041A65B /* PSRPochta */,
				FEB7FAA619B51C080041A65B /* PSRPochtaTests */,
			);
		};
/* End PBXProject section */

/* Begin PBXResourcesBuildPhase section */
		FEB7FA8F19B51C080041A65B /* Resources */ = {
			isa = PBXResourcesBuildPhase;
			buildActionMask = 2147483647;
			files = (
				FEB7FAA019B51C080041A65B /* Main.storyboard in Resources */,
				FEB7FAA219B51C080041A65B /* Images.xcassets in Resources */,
				FEB7FABC19B523800041A65B /* map@2x.png in Resources */,
			);
			runOnlyForDeploymentPostprocessing = 0;
		};
		FEB7FAA519B51C080041A65B /* Resources */ = {
			isa = PBXResourcesBuildPhase;
			buildActionMask = 2147483647;
			files = (
			);
			runOnlyForDeploymentPostprocessing = 0;
		};
/* End PBXResourcesBuildPhase section */

/* Begin PBXShellScriptBuildPhase section */
		4F35AECB09F64CC899F6BAC6 /* Copy Pods Resources */ = {
			isa = PBXShellScriptBuildPhase;
			buildActionMask = 2147483647;
			files = (
			);
			inputPaths = (
			);
			name = "Copy Pods Resources";
			outputPaths = (
			);
			runOnlyForDeploymentPostprocessing = 0;
			shellPath = /bin/sh;
			shellScript = "\"${SRCROOT}/Pods/Pods-resources.sh\"\n";
			showEnvVarsInLog = 0;
		};
		6CC6F70E04B04468A747B40F /* Check Pods Manifest.lock */ = {
			isa = PBXShellScriptBuildPhase;
			buildActionMask = 2147483647;
			files = (
			);
			inputPaths = (
			);
			name = "Check Pods Manifest.lock";
			outputPaths = (
			);
			runOnlyForDeploymentPostprocessing = 0;
			shellPath = /bin/sh;
			shellScript = "diff \"${PODS_ROOT}/../Podfile.lock\" \"${PODS_ROOT}/Manifest.lock\" > /dev/null\nif [[ $? != 0 ]] ; then\n    cat << EOM\nerror: The sandbox is not in sync with the Podfile.lock. Run 'pod install' or update your CocoaPods installation.\nEOM\n    exit 1\nfi\n";
			showEnvVarsInLog = 0;
		};
/* End PBXShellScriptBuildPhase section */

/* Begin PBXSourcesBuildPhase section */
		FEB7FA8D19B51C080041A65B /* Sources */ = {
			isa = PBXSourcesBuildPhase;
			buildActionMask = 2147483647;
			files = (
				FEB7FA9D19B51C080041A65B /* ViewController.m in Sources */,
				FEB7FAB919B51C1E0041A65B /* RPIAPIClient.m in Sources */,
				FEB7FABF19B523C40041A65B /* PSRAnnotation.m in Sources */,
				FEB7FAC219B523D60041A65B /* PSRAnnotationsParser.m in Sources */,
				FEB7FA9A19B51C080041A65B /* AppDelegate.m in Sources */,
				FEB7FA9719B51C080041A65B /* main.m in Sources */,
			);
			runOnlyForDeploymentPostprocessing = 0;
		};
		FEB7FAA319B51C080041A65B /* Sources */ = {
			isa = PBXSourcesBuildPhase;
			buildActionMask = 2147483647;
			files = (
				FEB7FAAE19B51C080041A65B /* PSRPochtaTests.m in Sources */,
			);
			runOnlyForDeploymentPostprocessing = 0;
		};
/* End PBXSourcesBuildPhase section */

/* Begin PBXTargetDependency section */
		FEB7FAA919B51C080041A65B /* PBXTargetDependency */ = {
			isa = PBXTargetDependency;
			target = FEB7FA9019B51C080041A65B /* PSRPochta */;
			targetProxy = FEB7FAA819B51C080041A65B /* PBXContainerItemProxy */;
		};
/* End PBXTargetDependency section */

/* Begin PBXVariantGroup section */
		FEB7FA9E19B51C080041A65B /* Main.storyboard */ = {
			isa = PBXVariantGroup;
			children = (
				FEB7FA9F19B51C080041A65B /* Base */,
			);
			name = Main.storyboard;
			sourceTree = "<group>";
		};
/* End PBXVariantGroup section */

/* Begin XCBuildConfiguration section */
		FEB7FAAF19B51C080041A65B /* Debug */ = {
			isa = XCBuildConfiguration;
			buildSettings = {
				ALWAYS_SEARCH_USER_PATHS = NO;
				CLANG_CXX_LANGUAGE_STANDARD = "gnu++0x";
				CLANG_CXX_LIBRARY = "libc++";
				CLANG_ENABLE_MODULES = YES;
				CLANG_ENABLE_OBJC_ARC = YES;
				CLANG_WARN_BOOL_CONVERSION = YES;
				CLANG_WARN_CONSTANT_CONVERSION = YES;
				CLANG_WARN_DIRECT_OBJC_ISA_USAGE = YES_ERROR;
				CLANG_WARN_EMPTY_BODY = YES;
				CLANG_WARN_ENUM_CONVERSION = YES;
				CLANG_WARN_INT_CONVERSION = YES;
				CLANG_WARN_OBJC_ROOT_CLASS = YES_ERROR;
				CLANG_WARN_UNREACHABLE_CODE = YES;
				CLANG_WARN__DUPLICATE_METHOD_MATCH = YES;
				"CODE_SIGN_IDENTITY[sdk=iphoneos*]" = "iPhone Developer";
				COPY_PHASE_STRIP = NO;
				ENABLE_STRICT_OBJC_MSGSEND = YES;
				GCC_C_LANGUAGE_STANDARD = gnu99;
				GCC_DYNAMIC_NO_PIC = NO;
				GCC_OPTIMIZATION_LEVEL = 0;
				GCC_PREPROCESSOR_DEFINITIONS = (
					"DEBUG=1",
					"$(inherited)",
				);
				GCC_SYMBOLS_PRIVATE_EXTERN = NO;
				GCC_WARN_64_TO_32_BIT_CONVERSION = YES;
				GCC_WARN_ABOUT_RETURN_TYPE = YES_ERROR;
				GCC_WARN_UNDECLARED_SELECTOR = YES;
				GCC_WARN_UNINITIALIZED_AUTOS = YES_AGGRESSIVE;
				GCC_WARN_UNUSED_FUNCTION = YES;
				GCC_WARN_UNUSED_VARIABLE = YES;
				IPHONEOS_DEPLOYMENT_TARGET = 8.0;
				MTL_ENABLE_DEBUG_INFO = YES;
				ONLY_ACTIVE_ARCH = YES;
				SDKROOT = iphoneos;
				TARGETED_DEVICE_FAMILY = "1,2";
			};
			name = Debug;
		};
		FEB7FAB019B51C080041A65B /* Release */ = {
			isa = XCBuildConfiguration;
			buildSettings = {
				ALWAYS_SEARCH_USER_PATHS = NO;
				CLANG_CXX_LANGUAGE_STANDARD = "gnu++0x";
				CLANG_CXX_LIBRARY = "libc++";
				CLANG_ENABLE_MODULES = YES;
				CLANG_ENABLE_OBJC_ARC = YES;
				CLANG_WARN_BOOL_CONVERSION = YES;
				CLANG_WARN_CONSTANT_CONVERSION = YES;
				CLANG_WARN_DIRECT_OBJC_ISA_USAGE = YES_ERROR;
				CLANG_WARN_EMPTY_BODY = YES;
				CLANG_WARN_ENUM_CONVERSION = YES;
				CLANG_WARN_INT_CONVERSION = YES;
				CLANG_WARN_OBJC_ROOT_CLASS = YES_ERROR;
				CLANG_WARN_UNREACHABLE_CODE = YES;
				CLANG_WARN__DUPLICATE_METHOD_MATCH = YES;
				"CODE_SIGN_IDENTITY[sdk=iphoneos*]" = "iPhone Developer";
				COPY_PHASE_STRIP = YES;
				ENABLE_NS_ASSERTIONS = NO;
				ENABLE_STRICT_OBJC_MSGSEND = YES;
				GCC_C_LANGUAGE_STANDARD = gnu99;
				GCC_WARN_64_TO_32_BIT_CONVERSION = YES;
				GCC_WARN_ABOUT_RETURN_TYPE = YES_ERROR;
				GCC_WARN_UNDECLARED_SELECTOR = YES;
				GCC_WARN_UNINITIALIZED_AUTOS = YES_AGGRESSIVE;
				GCC_WARN_UNUSED_FUNCTION = YES;
				GCC_WARN_UNUSED_VARIABLE = YES;
				IPHONEOS_DEPLOYMENT_TARGET = 8.0;
				MTL_ENABLE_DEBUG_INFO = NO;
				SDKROOT = iphoneos;
				TARGETED_DEVICE_FAMILY = "1,2";
				VALIDATE_PRODUCT = YES;
			};
			name = Release;
		};
		FEB7FAB219B51C080041A65B /* Debug */ = {
			isa = XCBuildConfiguration;
			baseConfigurationReference = 807F18E18B014135A20716DE /* Pods.xcconfig */;
			buildSettings = {
				ASSETCATALOG_COMPILER_APPICON_NAME = AppIcon;
				ASSETCATALOG_COMPILER_LAUNCHIMAGE_NAME = LaunchImage;
				INFOPLIST_FILE = PSRPochta/Info.plist;
				LD_RUNPATH_SEARCH_PATHS = "$(inherited) @executable_path/Frameworks";
				PRODUCT_NAME = "$(TARGET_NAME)";
			};
			name = Debug;
		};
		FEB7FAB319B51C080041A65B /* Release */ = {
			isa = XCBuildConfiguration;
			baseConfigurationReference = 807F18E18B014135A20716DE /* Pods.xcconfig */;
			buildSettings = {
				ASSETCATALOG_COMPILER_APPICON_NAME = AppIcon;
				ASSETCATALOG_COMPILER_LAUNCHIMAGE_NAME = LaunchImage;
				INFOPLIST_FILE = PSRPochta/Info.plist;
				LD_RUNPATH_SEARCH_PATHS = "$(inherited) @executable_path/Frameworks";
				PRODUCT_NAME = "$(TARGET_NAME)";
			};
			name = Release;
		};
		FEB7FAB519B51C080041A65B /* Debug */ = {
			isa = XCBuildConfiguration;
			buildSettings = {
				BUNDLE_LOADER = "$(TEST_HOST)";
				FRAMEWORK_SEARCH_PATHS = (
					"$(SDKROOT)/Developer/Library/Frameworks",
					"$(inherited)",
				);
				GCC_PREPROCESSOR_DEFINITIONS = (
					"DEBUG=1",
					"$(inherited)",
				);
				INFOPLIST_FILE = PSRPochtaTests/Info.plist;
				LD_RUNPATH_SEARCH_PATHS = "$(inherited) @executable_path/Frameworks @loader_path/Frameworks";
				PRODUCT_NAME = "$(TARGET_NAME)";
				TEST_HOST = "$(BUILT_PRODUCTS_DIR)/PSRPochta.app/PSRPochta";
			};
			name = Debug;
		};
		FEB7FAB619B51C080041A65B /* Release */ = {
			isa = XCBuildConfiguration;
			buildSettings = {
				BUNDLE_LOADER = "$(TEST_HOST)";
				FRAMEWORK_SEARCH_PATHS = (
					"$(SDKROOT)/Developer/Library/Frameworks",
					"$(inherited)",
				);
				INFOPLIST_FILE = PSRPochtaTests/Info.plist;
				LD_RUNPATH_SEARCH_PATHS = "$(inherited) @executable_path/Frameworks @loader_path/Frameworks";
				PRODUCT_NAME = "$(TARGET_NAME)";
				TEST_HOST = "$(BUILT_PRODUCTS_DIR)/PSRPochta.app/PSRPochta";
			};
			name = Release;
		};
/* End XCBuildConfiguration section */

/* Begin XCConfigurationList section */
		FEB7FA8C19B51C080041A65B /* Build configuration list for PBXProject "PSRPochta" */ = {
			isa = XCConfigurationList;
			buildConfigurations = (
				FEB7FAAF19B51C080041A65B /* Debug */,
				FEB7FAB019B51C080041A65B /* Release */,
			);
			defaultConfigurationIsVisible = 0;
			defaultConfigurationName = Release;
		};
		FEB7FAB119B51C080041A65B /* Build configuration list for PBXNativeTarget "PSRPochta" */ = {
			isa = XCConfigurationList;
			buildConfigurations = (
				FEB7FAB219B51C080041A65B /* Debug */,
				FEB7FAB319B51C080041A65B /* Release */,
			);
			defaultConfigurationIsVisible = 0;
			defaultConfigurationName = Release;
		};
		FEB7FAB419B51C080041A65B /* Build configuration list for PBXNativeTarget "PSRPochtaTests" */ = {
			isa = XCConfigurationList;
			buildConfigurations = (
				FEB7FAB519B51C080041A65B /* Debug */,
				FEB7FAB619B51C080041A65B /* Release */,
			);
			defaultConfigurationIsVisible = 0;
			defaultConfigurationName = Release;
		};
/* End XCConfigurationList section */
	};
	rootObject = FEB7FA8919B51C080041A65B /* Project object */;
}
